
Microsoft Visual Studio Solution File, Format Version 12.00
# Visual Studio Version 17
VisualStudioVersion = 17.0.31919.166
MinimumVisualStudioVersion = 10.0.40219.1
Project("{FAE04EC0-301F-11D3-BF4B-00C04F79EFBC}") = "Test", "Test\Test.csproj", "{AA129896-03FE-4F07-8B25-FD46423DE766}"
EndProject
Global
	GlobalSection(SolutionConfigurationPlatforms) = preSolution
		Debug|Any CPU = Debug|Any CPU
		Release|Any CPU = Release|Any CPU
	EndGlobalSection
	GlobalSection(ProjectConfigurationPlatforms) = postSolution
		{AA129896-03FE-4F07-8B25-FD46423DE766}.Debug|Any CPU.ActiveCfg = Debug|Any CPU
		{AA129896-03FE-4F07-8B25-FD46423DE766}.Debug|Any CPU.Build.0 = Debug|Any CPU
		{AA129896-03FE-4F07-8B25-FD46423DE766}.Release|Any CPU.ActiveCfg = Release|Any CPU
		{AA129896-03FE-4F07-8B25-FD46423DE766}.Release|Any CPU.Build.0 = Release|Any CPU
	EndGlobalSection
	GlobalSection(SolutionProperties) = preSolution
		HideSolutionNode = FALSE
	EndGlobalSection
	GlobalSection(ExtensibilityGlobals) = postSolution
		SolutionGuid = {CE2C678C-E388-405B-856B-51B1ABF68C04}
	EndGlobalSection
EndGlobal
